
Microsoft Visual Studio Solution File, Format Version 12.00
# Visual Studio Version 16
VisualStudioVersion = 16.0.29424.173
MinimumVisualStudioVersion = 15.0.26124.0
Project("{2150E333-8FDC-42A3-9474-1A3956D46DE8}") = "MassTransit.Order", "MassTransit.Order", "{CD493EEB-BB15-4D8B-BE3E-3464C5AA1358}"
EndProject
Project("{9A19103F-16F7-4668-BE54-9A1E7A4F7556}") = "MassTransit.Order.EventPublisher", "MassTransit.Order\MassTransit.Order.EventPublisher\MassTransit.Order.EventPublisher.csproj", "{D3D7CDBC-8CB8-4F29-95CA-6E768B4FE1DC}"
EndProject
Project("{9A19103F-16F7-4668-BE54-9A1E7A4F7556}") = "MassTransit.Order.Contracts", "MassTransit.Order\MassTransit.Order.Contracts\MassTransit.Order.Contracts.csproj", "{BB93B1C7-D7AD-4D17-832D-21A9BBF72449}"
EndProject
Project("{9A19103F-16F7-4668-BE54-9A1E7A4F7556}") = "MassTransit.Order.Consumer", "MassTransit.Order\MassTransit.Order.Consumer\MassTransit.Order.Consumer.csproj", "{F22DE891-198B-4C7C-8305-DBC52AE88F3F}"
EndProject
Project("{2150E333-8FDC-42A3-9474-1A3956D46DE8}") = "Start", "Start", "{21C36958-5D81-423F-B808-7611C4A52EE2}"
EndProject
Project("{9A19103F-16F7-4668-BE54-9A1E7A4F7556}") = "MassTransit.Start", "Start\MassTransit.Start\MassTransit.Start.csproj", "{03A1266D-50FF-410E-880A-FC0B798CEACA}"
EndProject
Project("{9A19103F-16F7-4668-BE54-9A1E7A4F7556}") = "MassTransit.Console", "Start\MassTransit.Console\MassTransit.Console.csproj", "{B22683C8-0909-4CF6-8DA3-CE1EF12A87B9}"
EndProject
Project("{2150E333-8FDC-42A3-9474-1A3956D46DE8}") = "MassTransit.Request", "MassTransit.Request", "{327A2FE8-C7C4-46DA-BAA9-828C21DE5632}"
EndProject
Project("{9A19103F-16F7-4668-BE54-9A1E7A4F7556}") = "MassTransit.Request.Contracts", "MassTransit.Request\MassTransit.Request.Contracts\MassTransit.Request.Contracts.csproj", "{83AE4033-B4CC-41E2-8519-F626606A6BB7}"
EndProject
Project("{9A19103F-16F7-4668-BE54-9A1E7A4F7556}") = "MassTransit.Request.Consumer", "MassTransit.Request\MassTransit.Request.Consumer\MassTransit.Request.Consumer.csproj", "{7C21261F-D174-490A-B6FE-9519DE53A0F5}"
EndProject
Project("{9A19103F-16F7-4668-BE54-9A1E7A4F7556}") = "MassTransit.Request.EventPublisher", "MassTransit.Request\MassTransit.Request.EventPublisher\MassTransit.Request.EventPublisher.csproj", "{FF35AF96-F446-43DF-B20F-942437AC9E39}"
EndProject
Project("{2150E333-8FDC-42A3-9474-1A3956D46DE8}") = "MassTransit.Saga", "MassTransit.Saga", "{D1EB4069-6710-4527-B8EE-8F3126B59758}"
EndProject
Project("{9A19103F-16F7-4668-BE54-9A1E7A4F7556}") = "MassTransit.Saga.Contract", "MassTransit.Saga\MassTransit.Saga.Contract\MassTransit.Saga.Contract.csproj", "{563E96DE-D280-4E3E-AC05-89F36ABB6C16}"
EndProject
Project("{2150E333-8FDC-42A3-9474-1A3956D46DE8}") = "MassTransit.Automatonymous", "MassTransit.Automatonymous", "{A63B77C7-82C3-40F3-AA18-64A6A548AF41}"
EndProject
Project("{9A19103F-16F7-4668-BE54-9A1E7A4F7556}") = "Order.Automatonymous", "Automatonymous\Order.Automatonymous\Order.Automatonymous.csproj", "{2ABC4CD3-119F-4F36-BEC4-F735ED001894}"
EndProject
Project("{9A19103F-16F7-4668-BE54-9A1E7A4F7556}") = "MassTransit.Saga.EntityFramework", "MassTransit.Saga\MassTransit.Saga.EntityFramework\MassTransit.Saga.EntityFramework.csproj", "{8730C7C1-C46D-4B2C-A79B-9F1FC777BFCB}"
EndProject
Project("{9A19103F-16F7-4668-BE54-9A1E7A4F7556}") = "MassTransit.Saga.OrderService", "MassTransit.Saga\MassTransit.Saga.OrderService\MassTransit.Saga.OrderService.csproj", "{309C3815-C7C9-41F4-B47E-A31B247D49C1}"
EndProject
Project("{9A19103F-16F7-4668-BE54-9A1E7A4F7556}") = "MassTransit.Saga.SagaInstanceService", "MassTransit.Saga\MassTransit.Saga.SagaInstanceService\MassTransit.Saga.SagaInstanceService.csproj", "{3CE627AC-E34E-4F4F-9843-D47AE4630581}"
EndProject
Project("{9A19103F-16F7-4668-BE54-9A1E7A4F7556}") = "MassTransit.Saga.Test", "MassTransit.Saga\MassTransit.Saga.Test\MassTransit.Saga.Test.csproj", "{58DC0076-D6B3-47BC-9287-D5D1F840797A}"
EndProject
Project("{2150E333-8FDC-42A3-9474-1A3956D46DE8}") = "Kafka", "Kafka", "{62FA2854-678B-482B-99D5-FEE9D9F3760E}"
EndProject
Project("{FAE04EC0-301F-11D3-BF4B-00C04F79EFBC}") = "KafkaSample", "KafkaSample\KafkaSample.csproj", "{1792AC32-2395-4D97-AAFB-C2367055D387}"
EndProject
Global
	GlobalSection(SolutionConfigurationPlatforms) = preSolution
		Debug|Any CPU = Debug|Any CPU
		Debug|x64 = Debug|x64
		Debug|x86 = Debug|x86
		Release|Any CPU = Release|Any CPU
		Release|x64 = Release|x64
		Release|x86 = Release|x86
	EndGlobalSection
	GlobalSection(ProjectConfigurationPlatforms) = postSolution
		{D3D7CDBC-8CB8-4F29-95CA-6E768B4FE1DC}.Debug|Any CPU.ActiveCfg = Debug|Any CPU
		{D3D7CDBC-8CB8-4F29-95CA-6E768B4FE1DC}.Debug|Any CPU.Build.0 = Debug|Any CPU
		{D3D7CDBC-8CB8-4F29-95CA-6E768B4FE1DC}.Debug|x64.ActiveCfg = Debug|Any CPU
		{D3D7CDBC-8CB8-4F29-95CA-6E768B4FE1DC}.Debug|x64.Build.0 = Debug|Any CPU
		{D3D7CDBC-8CB8-4F29-95CA-6E768B4FE1DC}.Debug|x86.ActiveCfg = Debug|Any CPU
		{D3D7CDBC-8CB8-4F29-95CA-6E768B4FE1DC}.Debug|x86.Build.0 = Debug|Any CPU
		{D3D7CDBC-8CB8-4F29-95CA-6E768B4FE1DC}.Release|Any CPU.ActiveCfg = Release|Any CPU
		{D3D7CDBC-8CB8-4F29-95CA-6E768B4FE1DC}.Release|Any CPU.Build.0 = Release|Any CPU
		{D3D7CDBC-8CB8-4F29-95CA-6E768B4FE1DC}.Release|x64.ActiveCfg = Release|Any CPU
		{D3D7CDBC-8CB8-4F29-95CA-6E768B4FE1DC}.Release|x64.Build.0 = Release|Any CPU
		{D3D7CDBC-8CB8-4F29-95CA-6E768B4FE1DC}.Release|x86.ActiveCfg = Release|Any CPU
		{D3D7CDBC-8CB8-4F29-95CA-6E768B4FE1DC}.Release|x86.Build.0 = Release|Any CPU
		{BB93B1C7-D7AD-4D17-832D-21A9BBF72449}.Debug|Any CPU.ActiveCfg = Debug|Any CPU
		{BB93B1C7-D7AD-4D17-832D-21A9BBF72449}.Debug|Any CPU.Build.0 = Debug|Any CPU
		{BB93B1C7-D7AD-4D17-832D-21A9BBF72449}.Debug|x64.ActiveCfg = Debug|Any CPU
		{BB93B1C7-D7AD-4D17-832D-21A9BBF72449}.Debug|x64.Build.0 = Debug|Any CPU
		{BB93B1C7-D7AD-4D17-832D-21A9BBF72449}.Debug|x86.ActiveCfg = Debug|Any CPU
		{BB93B1C7-D7AD-4D17-832D-21A9BBF72449}.Debug|x86.Build.0 = Debug|Any CPU
		{BB93B1C7-D7AD-4D17-832D-21A9BBF72449}.Release|Any CPU.ActiveCfg = Release|Any CPU
		{BB93B1C7-D7AD-4D17-832D-21A9BBF72449}.Release|Any CPU.Build.0 = Release|Any CPU
		{BB93B1C7-D7AD-4D17-832D-21A9BBF72449}.Release|x64.ActiveCfg = Release|Any CPU
		{BB93B1C7-D7AD-4D17-832D-21A9BBF72449}.Release|x64.Build.0 = Release|Any CPU
		{BB93B1C7-D7AD-4D17-832D-21A9BBF72449}.Release|x86.ActiveCfg = Release|Any CPU
		{BB93B1C7-D7AD-4D17-832D-21A9BBF72449}.Release|x86.Build.0 = Release|Any CPU
		{F22DE891-198B-4C7C-8305-DBC52AE88F3F}.Debug|Any CPU.ActiveCfg = Debug|Any CPU
		{F22DE891-198B-4C7C-8305-DBC52AE88F3F}.Debug|Any CPU.Build.0 = Debug|Any CPU
		{F22DE891-198B-4C7C-8305-DBC52AE88F3F}.Debug|x64.ActiveCfg = Debug|Any CPU
		{F22DE891-198B-4C7C-8305-DBC52AE88F3F}.Debug|x64.Build.0 = Debug|Any CPU
		{F22DE891-198B-4C7C-8305-DBC52AE88F3F}.Debug|x86.ActiveCfg = Debug|Any CPU
		{F22DE891-198B-4C7C-8305-DBC52AE88F3F}.Debug|x86.Build.0 = Debug|Any CPU
		{F22DE891-198B-4C7C-8305-DBC52AE88F3F}.Release|Any CPU.ActiveCfg = Release|Any CPU
		{F22DE891-198B-4C7C-8305-DBC52AE88F3F}.Release|Any CPU.Build.0 = Release|Any CPU
		{F22DE891-198B-4C7C-8305-DBC52AE88F3F}.Release|x64.ActiveCfg = Release|Any CPU
		{F22DE891-198B-4C7C-8305-DBC52AE88F3F}.Release|x64.Build.0 = Release|Any CPU
		{F22DE891-198B-4C7C-8305-DBC52AE88F3F}.Release|x86.ActiveCfg = Release|Any CPU
		{F22DE891-198B-4C7C-8305-DBC52AE88F3F}.Release|x86.Build.0 = Release|Any CPU
		{03A1266D-50FF-410E-880A-FC0B798CEACA}.Debug|Any CPU.ActiveCfg = Debug|Any CPU
		{03A1266D-50FF-410E-880A-FC0B798CEACA}.Debug|Any CPU.Build.0 = Debug|Any CPU
		{03A1266D-50FF-410E-880A-FC0B798CEACA}.Debug|x64.ActiveCfg = Debug|Any CPU
		{03A1266D-50FF-410E-880A-FC0B798CEACA}.Debug|x64.Build.0 = Debug|Any CPU
		{03A1266D-50FF-410E-880A-FC0B798CEACA}.Debug|x86.ActiveCfg = Debug|Any CPU
		{03A1266D-50FF-410E-880A-FC0B798CEACA}.Debug|x86.Build.0 = Debug|Any CPU
		{03A1266D-50FF-410E-880A-FC0B798CEACA}.Release|Any CPU.ActiveCfg = Release|Any CPU
		{03A1266D-50FF-410E-880A-FC0B798CEACA}.Release|Any CPU.Build.0 = Release|Any CPU
		{03A1266D-50FF-410E-880A-FC0B798CEACA}.Release|x64.ActiveCfg = Release|Any CPU
		{03A1266D-50FF-410E-880A-FC0B798CEACA}.Release|x64.Build.0 = Release|Any CPU
		{03A1266D-50FF-410E-880A-FC0B798CEACA}.Release|x86.ActiveCfg = Release|Any CPU
		{03A1266D-50FF-410E-880A-FC0B798CEACA}.Release|x86.Build.0 = Release|Any CPU
		{B22683C8-0909-4CF6-8DA3-CE1EF12A87B9}.Debug|Any CPU.ActiveCfg = Debug|Any CPU
		{B22683C8-0909-4CF6-8DA3-CE1EF12A87B9}.Debug|Any CPU.Build.0 = Debug|Any CPU
		{B22683C8-0909-4CF6-8DA3-CE1EF12A87B9}.Debug|x64.ActiveCfg = Debug|Any CPU
		{B22683C8-0909-4CF6-8DA3-CE1EF12A87B9}.Debug|x64.Build.0 = Debug|Any CPU
		{B22683C8-0909-4CF6-8DA3-CE1EF12A87B9}.Debug|x86.ActiveCfg = Debug|Any CPU
		{B22683C8-0909-4CF6-8DA3-CE1EF12A87B9}.Debug|x86.Build.0 = Debug|Any CPU
		{B22683C8-0909-4CF6-8DA3-CE1EF12A87B9}.Release|Any CPU.ActiveCfg = Release|Any CPU
		{B22683C8-0909-4CF6-8DA3-CE1EF12A87B9}.Release|Any CPU.Build.0 = Release|Any CPU
		{B22683C8-0909-4CF6-8DA3-CE1EF12A87B9}.Release|x64.ActiveCfg = Release|Any CPU
		{B22683C8-0909-4CF6-8DA3-CE1EF12A87B9}.Release|x64.Build.0 = Release|Any CPU
		{B22683C8-0909-4CF6-8DA3-CE1EF12A87B9}.Release|x86.ActiveCfg = Release|Any CPU
		{B22683C8-0909-4CF6-8DA3-CE1EF12A87B9}.Release|x86.Build.0 = Release|Any CPU
		{83AE4033-B4CC-41E2-8519-F626606A6BB7}.Debug|Any CPU.ActiveCfg = Debug|Any CPU
		{83AE4033-B4CC-41E2-8519-F626606A6BB7}.Debug|Any CPU.Build.0 = Debug|Any CPU
		{83AE4033-B4CC-41E2-8519-F626606A6BB7}.Debug|x64.ActiveCfg = Debug|Any CPU
		{83AE4033-B4CC-41E2-8519-F626606A6BB7}.Debug|x64.Build.0 = Debug|Any CPU
		{83AE4033-B4CC-41E2-8519-F626606A6BB7}.Debug|x86.ActiveCfg = Debug|Any CPU
		{83AE4033-B4CC-41E2-8519-F626606A6BB7}.Debug|x86.Build.0 = Debug|Any CPU
		{83AE4033-B4CC-41E2-8519-F626606A6BB7}.Release|Any CPU.ActiveCfg = Release|Any CPU
		{83AE4033-B4CC-41E2-8519-F626606A6BB7}.Release|Any CPU.Build.0 = Release|Any CPU
		{83AE4033-B4CC-41E2-8519-F626606A6BB7}.Release|x64.ActiveCfg = Release|Any CPU
		{83AE4033-B4CC-41E2-8519-F626606A6BB7}.Release|x64.Build.0 = Release|Any CPU
		{83AE4033-B4CC-41E2-8519-F626606A6BB7}.Release|x86.ActiveCfg = Release|Any CPU
		{83AE4033-B4CC-41E2-8519-F626606A6BB7}.Release|x86.Build.0 = Release|Any CPU
		{7C21261F-D174-490A-B6FE-9519DE53A0F5}.Debug|Any CPU.ActiveCfg = Debug|Any CPU
		{7C21261F-D174-490A-B6FE-9519DE53A0F5}.Debug|Any CPU.Build.0 = Debug|Any CPU
		{7C21261F-D174-490A-B6FE-9519DE53A0F5}.Debug|x64.ActiveCfg = Debug|Any CPU
		{7C21261F-D174-490A-B6FE-9519DE53A0F5}.Debug|x64.Build.0 = Debug|Any CPU
		{7C21261F-D174-490A-B6FE-9519DE53A0F5}.Debug|x86.ActiveCfg = Debug|Any CPU
		{7C21261F-D174-490A-B6FE-9519DE53A0F5}.Debug|x86.Build.0 = Debug|Any CPU
		{7C21261F-D174-490A-B6FE-9519DE53A0F5}.Release|Any CPU.ActiveCfg = Release|Any CPU
		{7C21261F-D174-490A-B6FE-9519DE53A0F5}.Release|Any CPU.Build.0 = Release|Any CPU
		{7C21261F-D174-490A-B6FE-9519DE53A0F5}.Release|x64.ActiveCfg = Release|Any CPU
		{7C21261F-D174-490A-B6FE-9519DE53A0F5}.Release|x64.Build.0 = Release|Any CPU
		{7C21261F-D174-490A-B6FE-9519DE53A0F5}.Release|x86.ActiveCfg = Release|Any CPU
		{7C21261F-D174-490A-B6FE-9519DE53A0F5}.Release|x86.Build.0 = Release|Any CPU
		{FF35AF96-F446-43DF-B20F-942437AC9E39}.Debug|Any CPU.ActiveCfg = Debug|Any CPU
		{FF35AF96-F446-43DF-B20F-942437AC9E39}.Debug|Any CPU.Build.0 = Debug|Any CPU
		{FF35AF96-F446-43DF-B20F-942437AC9E39}.Debug|x64.ActiveCfg = Debug|Any CPU
		{FF35AF96-F446-43DF-B20F-942437AC9E39}.Debug|x64.Build.0 = Debug|Any CPU
		{FF35AF96-F446-43DF-B20F-942437AC9E39}.Debug|x86.ActiveCfg = Debug|Any CPU
		{FF35AF96-F446-43DF-B20F-942437AC9E39}.Debug|x86.Build.0 = Debug|Any CPU
		{FF35AF96-F446-43DF-B20F-942437AC9E39}.Release|Any CPU.ActiveCfg = Release|Any CPU
		{FF35AF96-F446-43DF-B20F-942437AC9E39}.Release|Any CPU.Build.0 = Release|Any CPU
		{FF35AF96-F446-43DF-B20F-942437AC9E39}.Release|x64.ActiveCfg = Release|Any CPU
		{FF35AF96-F446-43DF-B20F-942437AC9E39}.Release|x64.Build.0 = Release|Any CPU
		{FF35AF96-F446-43DF-B20F-942437AC9E39}.Release|x86.ActiveCfg = Release|Any CPU
		{FF35AF96-F446-43DF-B20F-942437AC9E39}.Release|x86.Build.0 = Release|Any CPU
		{563E96DE-D280-4E3E-AC05-89F36ABB6C16}.Debug|Any CPU.ActiveCfg = Debug|Any CPU
		{563E96DE-D280-4E3E-AC05-89F36ABB6C16}.Debug|Any CPU.Build.0 = Debug|Any CPU
		{563E96DE-D280-4E3E-AC05-89F36ABB6C16}.Debug|x64.ActiveCfg = Debug|Any CPU
		{563E96DE-D280-4E3E-AC05-89F36ABB6C16}.Debug|x64.Build.0 = Debug|Any CPU
		{563E96DE-D280-4E3E-AC05-89F36ABB6C16}.Debug|x86.ActiveCfg = Debug|Any CPU
		{563E96DE-D280-4E3E-AC05-89F36ABB6C16}.Debug|x86.Build.0 = Debug|Any CPU
		{563E96DE-D280-4E3E-AC05-89F36ABB6C16}.Release|Any CPU.ActiveCfg = Release|Any CPU
		{563E96DE-D280-4E3E-AC05-89F36ABB6C16}.Release|Any CPU.Build.0 = Release|Any CPU
		{563E96DE-D280-4E3E-AC05-89F36ABB6C16}.Release|x64.ActiveCfg = Release|Any CPU
		{563E96DE-D280-4E3E-AC05-89F36ABB6C16}.Release|x64.Build.0 = Release|Any CPU
		{563E96DE-D280-4E3E-AC05-89F36ABB6C16}.Release|x86.ActiveCfg = Release|Any CPU
		{563E96DE-D280-4E3E-AC05-89F36ABB6C16}.Release|x86.Build.0 = Release|Any CPU
		{2ABC4CD3-119F-4F36-BEC4-F735ED001894}.Debug|Any CPU.ActiveCfg = Debug|Any CPU
		{2ABC4CD3-119F-4F36-BEC4-F735ED001894}.Debug|Any CPU.Build.0 = Debug|Any CPU
		{2ABC4CD3-119F-4F36-BEC4-F735ED001894}.Debug|x64.ActiveCfg = Debug|Any CPU
		{2ABC4CD3-119F-4F36-BEC4-F735ED001894}.Debug|x64.Build.0 = Debug|Any CPU
		{2ABC4CD3-119F-4F36-BEC4-F735ED001894}.Debug|x86.ActiveCfg = Debug|Any CPU
		{2ABC4CD3-119F-4F36-BEC4-F735ED001894}.Debug|x86.Build.0 = Debug|Any CPU
		{2ABC4CD3-119F-4F36-BEC4-F735ED001894}.Release|Any CPU.ActiveCfg = Release|Any CPU
		{2ABC4CD3-119F-4F36-BEC4-F735ED001894}.Release|Any CPU.Build.0 = Release|Any CPU
		{2ABC4CD3-119F-4F36-BEC4-F735ED001894}.Release|x64.ActiveCfg = Release|Any CPU
		{2ABC4CD3-119F-4F36-BEC4-F735ED001894}.Release|x64.Build.0 = Release|Any CPU
		{2ABC4CD3-119F-4F36-BEC4-F735ED001894}.Release|x86.ActiveCfg = Release|Any CPU
		{2ABC4CD3-119F-4F36-BEC4-F735ED001894}.Release|x86.Build.0 = Release|Any CPU
		{8730C7C1-C46D-4B2C-A79B-9F1FC777BFCB}.Debug|Any CPU.ActiveCfg = Debug|Any CPU
		{8730C7C1-C46D-4B2C-A79B-9F1FC777BFCB}.Debug|Any CPU.Build.0 = Debug|Any CPU
		{8730C7C1-C46D-4B2C-A79B-9F1FC777BFCB}.Debug|x64.ActiveCfg = Debug|Any CPU
		{8730C7C1-C46D-4B2C-A79B-9F1FC777BFCB}.Debug|x64.Build.0 = Debug|Any CPU
		{8730C7C1-C46D-4B2C-A79B-9F1FC777BFCB}.Debug|x86.ActiveCfg = Debug|Any CPU
		{8730C7C1-C46D-4B2C-A79B-9F1FC777BFCB}.Debug|x86.Build.0 = Debug|Any CPU
		{8730C7C1-C46D-4B2C-A79B-9F1FC777BFCB}.Release|Any CPU.ActiveCfg = Release|Any CPU
		{8730C7C1-C46D-4B2C-A79B-9F1FC777BFCB}.Release|Any CPU.Build.0 = Release|Any CPU
		{8730C7C1-C46D-4B2C-A79B-9F1FC777BFCB}.Release|x64.ActiveCfg = Release|Any CPU
		{8730C7C1-C46D-4B2C-A79B-9F1FC777BFCB}.Release|x64.Build.0 = Release|Any CPU
		{8730C7C1-C46D-4B2C-A79B-9F1FC777BFCB}.Release|x86.ActiveCfg = Release|Any CPU
		{8730C7C1-C46D-4B2C-A79B-9F1FC777BFCB}.Release|x86.Build.0 = Release|Any CPU
		{309C3815-C7C9-41F4-B47E-A31B247D49C1}.Debug|Any CPU.ActiveCfg = Debug|Any CPU
		{309C3815-C7C9-41F4-B47E-A31B247D49C1}.Debug|Any CPU.Build.0 = Debug|Any CPU
		{309C3815-C7C9-41F4-B47E-A31B247D49C1}.Debug|x64.ActiveCfg = Debug|Any CPU
		{309C3815-C7C9-41F4-B47E-A31B247D49C1}.Debug|x64.Build.0 = Debug|Any CPU
		{309C3815-C7C9-41F4-B47E-A31B247D49C1}.Debug|x86.ActiveCfg = Debug|Any CPU
		{309C3815-C7C9-41F4-B47E-A31B247D49C1}.Debug|x86.Build.0 = Debug|Any CPU
		{309C3815-C7C9-41F4-B47E-A31B247D49C1}.Release|Any CPU.ActiveCfg = Release|Any CPU
		{309C3815-C7C9-41F4-B47E-A31B247D49C1}.Release|Any CPU.Build.0 = Release|Any CPU
		{309C3815-C7C9-41F4-B47E-A31B247D49C1}.Release|x64.ActiveCfg = Release|Any CPU
		{309C3815-C7C9-41F4-B47E-A31B247D49C1}.Release|x64.Build.0 = Release|Any CPU
		{309C3815-C7C9-41F4-B47E-A31B247D49C1}.Release|x86.ActiveCfg = Release|Any CPU
		{309C3815-C7C9-41F4-B47E-A31B247D49C1}.Release|x86.Build.0 = Release|Any CPU
		{3CE627AC-E34E-4F4F-9843-D47AE4630581}.Debug|Any CPU.ActiveCfg = Debug|Any CPU
		{3CE627AC-E34E-4F4F-9843-D47AE4630581}.Debug|Any CPU.Build.0 = Debug|Any CPU
		{3CE627AC-E34E-4F4F-9843-D47AE4630581}.Debug|x64.ActiveCfg = Debug|Any CPU
		{3CE627AC-E34E-4F4F-9843-D47AE4630581}.Debug|x64.Build.0 = Debug|Any CPU
		{3CE627AC-E34E-4F4F-9843-D47AE4630581}.Debug|x86.ActiveCfg = Debug|Any CPU
		{3CE627AC-E34E-4F4F-9843-D47AE4630581}.Debug|x86.Build.0 = Debug|Any CPU
		{3CE627AC-E34E-4F4F-9843-D47AE4630581}.Release|Any CPU.ActiveCfg = Release|Any CPU
		{3CE627AC-E34E-4F4F-9843-D47AE4630581}.Release|Any CPU.Build.0 = Release|Any CPU
		{3CE627AC-E34E-4F4F-9843-D47AE4630581}.Release|x64.ActiveCfg = Release|Any CPU
		{3CE627AC-E34E-4F4F-9843-D47AE4630581}.Release|x64.Build.0 = Release|Any CPU
		{3CE627AC-E34E-4F4F-9843-D47AE4630581}.Release|x86.ActiveCfg = Release|Any CPU
		{3CE627AC-E34E-4F4F-9843-D47AE4630581}.Release|x86.Build.0 = Release|Any CPU
		{58DC0076-D6B3-47BC-9287-D5D1F840797A}.Debug|Any CPU.ActiveCfg = Debug|Any CPU
		{58DC0076-D6B3-47BC-9287-D5D1F840797A}.Debug|Any CPU.Build.0 = Debug|Any CPU
		{58DC0076-D6B3-47BC-9287-D5D1F840797A}.Debug|x64.ActiveCfg = Debug|Any CPU
		{58DC0076-D6B3-47BC-9287-D5D1F840797A}.Debug|x64.Build.0 = Debug|Any CPU
		{58DC0076-D6B3-47BC-9287-D5D1F840797A}.Debug|x86.ActiveCfg = Debug|Any CPU
		{58DC0076-D6B3-47BC-9287-D5D1F840797A}.Debug|x86.Build.0 = Debug|Any CPU
		{58DC0076-D6B3-47BC-9287-D5D1F840797A}.Release|Any CPU.ActiveCfg = Release|Any CPU
		{58DC0076-D6B3-47BC-9287-D5D1F840797A}.Release|Any CPU.Build.0 = Release|Any CPU
		{58DC0076-D6B3-47BC-9287-D5D1F840797A}.Release|x64.ActiveCfg = Release|Any CPU
		{58DC0076-D6B3-47BC-9287-D5D1F840797A}.Release|x64.Build.0 = Release|Any CPU
		{58DC0076-D6B3-47BC-9287-D5D1F840797A}.Release|x86.ActiveCfg = Release|Any CPU
		{58DC0076-D6B3-47BC-9287-D5D1F840797A}.Release|x86.Build.0 = Release|Any CPU
		{1792AC32-2395-4D97-AAFB-C2367055D387}.Debug|Any CPU.ActiveCfg = Debug|Any CPU
		{1792AC32-2395-4D97-AAFB-C2367055D387}.Debug|Any CPU.Build.0 = Debug|Any CPU
		{1792AC32-2395-4D97-AAFB-C2367055D387}.Debug|x64.ActiveCfg = Debug|Any CPU
		{1792AC32-2395-4D97-AAFB-C2367055D387}.Debug|x64.Build.0 = Debug|Any CPU
		{1792AC32-2395-4D97-AAFB-C2367055D387}.Debug|x86.ActiveCfg = Debug|Any CPU
		{1792AC32-2395-4D97-AAFB-C2367055D387}.Debug|x86.Build.0 = Debug|Any CPU
		{1792AC32-2395-4D97-AAFB-C2367055D387}.Release|Any CPU.ActiveCfg = Release|Any CPU
		{1792AC32-2395-4D97-AAFB-C2367055D387}.Release|Any CPU.Build.0 = Release|Any CPU
		{1792AC32-2395-4D97-AAFB-C2367055D387}.Release|x64.ActiveCfg = Release|Any CPU
		{1792AC32-2395-4D97-AAFB-C2367055D387}.Release|x64.Build.0 = Release|Any CPU
		{1792AC32-2395-4D97-AAFB-C2367055D387}.Release|x86.ActiveCfg = Release|Any CPU
		{1792AC32-2395-4D97-AAFB-C2367055D387}.Release|x86.Build.0 = Release|Any CPU
	EndGlobalSection
	GlobalSection(SolutionProperties) = preSolution
		HideSolutionNode = FALSE
	EndGlobalSection
	GlobalSection(NestedProjects) = preSolution
		{D3D7CDBC-8CB8-4F29-95CA-6E768B4FE1DC} = {CD493EEB-BB15-4D8B-BE3E-3464C5AA1358}
		{BB93B1C7-D7AD-4D17-832D-21A9BBF72449} = {CD493EEB-BB15-4D8B-BE3E-3464C5AA1358}
		{F22DE891-198B-4C7C-8305-DBC52AE88F3F} = {CD493EEB-BB15-4D8B-BE3E-3464C5AA1358}
		{03A1266D-50FF-410E-880A-FC0B798CEACA} = {21C36958-5D81-423F-B808-7611C4A52EE2}
		{B22683C8-0909-4CF6-8DA3-CE1EF12A87B9} = {21C36958-5D81-423F-B808-7611C4A52EE2}
		{83AE4033-B4CC-41E2-8519-F626606A6BB7} = {327A2FE8-C7C4-46DA-BAA9-828C21DE5632}
		{7C21261F-D174-490A-B6FE-9519DE53A0F5} = {327A2FE8-C7C4-46DA-BAA9-828C21DE5632}
		{FF35AF96-F446-43DF-B20F-942437AC9E39} = {327A2FE8-C7C4-46DA-BAA9-828C21DE5632}
		{563E96DE-D280-4E3E-AC05-89F36ABB6C16} = {D1EB4069-6710-4527-B8EE-8F3126B59758}
		{2ABC4CD3-119F-4F36-BEC4-F735ED001894} = {A63B77C7-82C3-40F3-AA18-64A6A548AF41}
		{8730C7C1-C46D-4B2C-A79B-9F1FC777BFCB} = {D1EB4069-6710-4527-B8EE-8F3126B59758}
		{309C3815-C7C9-41F4-B47E-A31B247D49C1} = {D1EB4069-6710-4527-B8EE-8F3126B59758}
		{3CE627AC-E34E-4F4F-9843-D47AE4630581} = {D1EB4069-6710-4527-B8EE-8F3126B59758}
		{58DC0076-D6B3-47BC-9287-D5D1F840797A} = {D1EB4069-6710-4527-B8EE-8F3126B59758}
		{1792AC32-2395-4D97-AAFB-C2367055D387} = {62FA2854-678B-482B-99D5-FEE9D9F3760E}
	EndGlobalSection
	GlobalSection(ExtensibilityGlobals) = postSolution
		SolutionGuid = {76A96E60-0324-42BF-9C4A-D7B2771FDBBB}
	EndGlobalSection
EndGlobal
